// !$*UTF8*$!
{
	archiveVersion = 1;
	classes = {
	};
	objectVersion = 55;
	objects = {

/* Begin PBXBuildFile section */
		23E7862E2716AE51002972F7 /* AppDelegate.swift in Sources */ = {isa = PBXBuildFile; fileRef = 23E7862D2716AE51002972F7 /* AppDelegate.swift */; };
		23E786302716AE51002972F7 /* SceneDelegate.swift in Sources */ = {isa = PBXBuildFile; fileRef = 23E7862F2716AE51002972F7 /* SceneDelegate.swift */; };
		23E786322716AE51002972F7 /* ViewController.swift in Sources */ = {isa = PBXBuildFile; fileRef = 23E786312716AE51002972F7 /* ViewController.swift */; };
		23E786372716AE54002972F7 /* Assets.xcassets in Resources */ = {isa = PBXBuildFile; fileRef = 23E786362716AE54002972F7 /* Assets.xcassets */; };
		23E7863A2716AE54002972F7 /* LaunchScreen.storyboard in Resources */ = {isa = PBXBuildFile; fileRef = 23E786382716AE54002972F7 /* LaunchScreen.storyboard */; };
		23E786472716DBF4002972F7 /* DataProviderProtocol.swift in Sources */ = {isa = PBXBuildFile; fileRef = 23E786462716DBF4002972F7 /* DataProviderProtocol.swift */; };
		23E786492716DC09002972F7 /* FirebaseDataProvider.swift in Sources */ = {isa = PBXBuildFile; fileRef = 23E786482716DC09002972F7 /* FirebaseDataProvider.swift */; };
		23E7864D2716DC1F002972F7 /* CompanyDataProvider.swift in Sources */ = {isa = PBXBuildFile; fileRef = 23E7864C2716DC1F002972F7 /* CompanyDataProvider.swift */; };
/* End PBXBuildFile section */

/* Begin PBXFileReference section */
		23E7862A2716AE51002972F7 /* DependencyInversionDemo.app */ = {isa = PBXFileReference; explicitFileType = wrapper.application; includeInIndex = 0; path = DependencyInversionDemo.app; sourceTree = BUILT_PRODUCTS_DIR; };
		23E7862D2716AE51002972F7 /* AppDelegate.swift */ = {isa = PBXFileReference; lastKnownFileType = sourcecode.swift; path = AppDelegate.swift; sourceTree = "<group>"; };
		23E7862F2716AE51002972F7 /* SceneDelegate.swift */ = {isa = PBXFileReference; lastKnownFileType = sourcecode.swift; path = SceneDelegate.swift; sourceTree = "<group>"; };
		23E786312716AE51002972F7 /* ViewController.swift */ = {isa = PBXFileReference; lastKnownFileType = sourcecode.swift; path = ViewController.swift; sourceTree = "<group>"; };
		23E786362716AE54002972F7 /* Assets.xcassets */ = {isa = PBXFileReference; lastKnownFileType = folder.assetcatalog; path = Assets.xcassets; sourceTree = "<group>"; };
		23E786392716AE54002972F7 /* Base */ = {isa = PBXFileReference; lastKnownFileType = file.storyboard; name = Base; path = Base.lproj/LaunchScreen.storyboard; sourceTree = "<group>"; };
		23E7863B2716AE54002972F7 /* Info.plist */ = {isa = PBXFileReference; lastKnownFileType = text.plist.xml; path = Info.plist; sourceTree = "<group>"; };
		23E786462716DBF4002972F7 /* DataProviderProtocol.swift */ = {isa = PBXFileReference; lastKnownFileType = sourcecode.swift; path = DataProviderProtocol.swift; sourceTree = "<group>"; };
		23E786482716DC09002972F7 /* FirebaseDataProvider.swift */ = {isa = PBXFileReference; lastKnownFileType = sourcecode.swift; path = FirebaseDataProvider.swift; sourceTree = "<group>"; };
		23E7864C2716DC1F002972F7 /* CompanyDataProvider.swift */ = {isa = PBXFileReference; lastKnownFileType = sourcecode.swift; path = CompanyDataProvider.swift; sourceTree = "<group>"; };
/* End PBXFileReference section */

/* Begin PBXFrameworksBuildPhase section */
		23E786272716AE51002972F7 /* Frameworks */ = {
			isa = PBXFrameworksBuildPhase;
			buildActionMask = 2147483647;
			files = (
			);
			runOnlyForDeploymentPostprocessing = 0;
		};
/* End PBXFrameworksBuildPhase section */

/* Begin PBXGroup section */
		23E786212716AE51002972F7 = {
			isa = PBXGroup;
			children = (
				23E7862C2716AE51002972F7 /* DependencyInversionDemo */,
				23E7862B2716AE51002972F7 /* Products */,
			);
			sourceTree = "<group>";
		};
		23E7862B2716AE51002972F7 /* Products */ = {
			isa = PBXGroup;
			children = (
				23E7862A2716AE51002972F7 /* DependencyInversionDemo.app */,
			);
			name = Products;
			sourceTree = "<group>";
		};
		23E7862C2716AE51002972F7 /* DependencyInversionDemo */ = {
			isa = PBXGroup;
			children = (
				23E786412716DBC1002972F7 /* App */,
				23E786432716DBCE002972F7 /* DataProviders */,
				23E786452716DBEA002972F7 /* Protocol */,
				23E786422716DBC7002972F7 /* ViewController */,
				23E786362716AE54002972F7 /* Assets.xcassets */,
				23E786382716AE54002972F7 /* LaunchScreen.storyboard */,
				23E7863B2716AE54002972F7 /* Info.plist */,
			);
			path = DependencyInversionDemo;
			sourceTree = "<group>";
		};
		23E786412716DBC1002972F7 /* App */ = {
			isa = PBXGroup;
			children = (
				23E7862D2716AE51002972F7 /* AppDelegate.swift */,
				23E7862F2716AE51002972F7 /* SceneDelegate.swift */,
			);
			path = App;
			sourceTree = "<group>";
		};
		23E786422716DBC7002972F7 /* ViewController */ = {
			isa = PBXGroup;
			children = (
				23E786312716AE51002972F7 /* ViewController.swift */,
			);
			path = ViewController;
			sourceTree = "<group>";
		};
		23E786432716DBCE002972F7 /* DataProviders */ = {
			isa = PBXGroup;
			children = (
				23E786482716DC09002972F7 /* FirebaseDataProvider.swift */,
				23E7864C2716DC1F002972F7 /* CompanyDataProvider.swift */,
			);
			path = DataProviders;
			sourceTree = "<group>";
		};
		23E786452716DBEA002972F7 /* Protocol */ = {
			isa = PBXGroup;
			children = (
				23E786462716DBF4002972F7 /* DataProviderProtocol.swift */,
			);
			path = Protocol;
			sourceTree = "<group>";
		};
/* End PBXGroup section */

/* Begin PBXNativeTarget section */
		23E786292716AE51002972F7 /* DependencyInversionDemo */ = {
			isa = PBXNativeTarget;
			buildConfigurationList = 23E7863E2716AE54002972F7 /* Build configuration list for PBXNativeTarget "DependencyInversionDemo" */;
			buildPhases = (
				23E786262716AE51002972F7 /* Sources */,
				23E786272716AE51002972F7 /* Frameworks */,
				23E786282716AE51002972F7 /* Resources */,
			);
			buildRules = (
			);
			dependencies = (
			);
			name = DependencyInversionDemo;
			productName = DependencyInversionDemo;
			productReference = 23E7862A2716AE51002972F7 /* DependencyInversionDemo.app */;
			productType = "com.apple.product-type.application";
		};
/* End PBXNativeTarget section */

/* Begin PBXProject section */
		23E786222716AE51002972F7 /* Project object */ = {
			isa = PBXProject;
			attributes = {
				BuildIndependentTargetsInParallel = 1;
				LastSwiftUpdateCheck = 1300;
				LastUpgradeCheck = 1300;
				TargetAttributes = {
					23E786292716AE51002972F7 = {
						CreatedOnToolsVersion = 13.0;
					};
				};
			};
			buildConfigurationList = 23E786252716AE51002972F7 /* Build configuration list for PBXProject "DependencyInversionDemo" */;
			compatibilityVersion = "Xcode 13.0";
			developmentRegion = en;
			hasScannedForEncodings = 0;
			knownRegions = (
				en,
				Base,
			);
			mainGroup = 23E786212716AE51002972F7;
			productRefGroup = 23E7862B2716AE51002972F7 /* Products */;
			projectDirPath = "";
			projectRoot = "";
			targets = (
				23E786292716AE51002972F7 /* DependencyInversionDemo */,
			);
		};
/* End PBXProject section */

/* Begin PBXResourcesBuildPhase section */
		23E786282716AE51002972F7 /* Resources */ = {
			isa = PBXResourcesBuildPhase;
			buildActionMask = 2147483647;
			files = (
				23E7863A2716AE54002972F7 /* LaunchScreen.storyboard in Resources */,
				23E786372716AE54002972F7 /* Assets.xcassets in Resources */,
			);
			runOnlyForDeploymentPostprocessing = 0;
		};
/* End PBXResourcesBuildPhase section */

/* Begin PBXSourcesBuildPhase section */
		23E786262716AE51002972F7 /* Sources */ = {
			isa = PBXSourcesBuildPhase;
			buildActionMask = 2147483647;
			files = (
				23E786492716DC09002972F7 /* FirebaseDataProvider.swift in Sources */,
				23E7864D2716DC1F002972F7 /* CompanyDataProvider.swift in Sources */,
				23E786472716DBF4002972F7 /* DataProviderProtocol.swift in Sources */,
				23E786322716AE51002972F7 /* ViewController.swift in Sources */,
				23E7862E2716AE51002972F7 /* AppDelegate.swift in Sources */,
				23E786302716AE51002972F7 /* SceneDelegate.swift in Sources */,
			);
			runOnlyForDeploymentPostprocessing = 0;
		};
/* End PBXSourcesBuildPhase section */

/* Begin PBXVariantGroup section */
		23E786382716AE54002972F7 /* LaunchScreen.storyboard */ = {
			isa = PBXVariantGroup;
			children = (
				23E786392716AE54002972F7 /* Base */,
			);
			name = LaunchScreen.storyboard;
			sourceTree = "<group>";
		};
/* End PBXVariantGroup section */

/* Begin XCBuildConfiguration section */
		23E7863C2716AE54002972F7 /* Debug */ = {
			isa = XCBuildConfiguration;
			buildSettings = {
				ALWAYS_SEARCH_USER_PATHS = NO;
				CLANG_ANALYZER_NONNULL = YES;
				CLANG_ANALYZER_NUMBER_OBJECT_CONVERSION = YES_AGGRESSIVE;
				CLANG_CXX_LANGUAGE_STANDARD = "gnu++17";
				CLANG_CXX_LIBRARY = "libc++";
				CLANG_ENABLE_MODULES = YES;
				CLANG_ENABLE_OBJC_ARC = YES;
				CLANG_ENABLE_OBJC_WEAK = YES;
				CLANG_WARN_BLOCK_CAPTURE_AUTORELEASING = YES;
				CLANG_WARN_BOOL_CONVERSION = YES;
				CLANG_WARN_COMMA = YES;
				CLANG_WARN_CONSTANT_CONVERSION = YES;
				CLANG_WARN_DEPRECATED_OBJC_IMPLEMENTATIONS = YES;
				CLANG_WARN_DIRECT_OBJC_ISA_USAGE = YES_ERROR;
				CLANG_WARN_DOCUMENTATION_COMMENTS = YES;
				CLANG_WARN_EMPTY_BODY = YES;
				CLANG_WARN_ENUM_CONVERSION = YES;
				CLANG_WARN_INFINITE_RECURSION = YES;
				CLANG_WARN_INT_CONVERSION = YES;
				CLANG_WARN_NON_LITERAL_NULL_CONVERSION = YES;
				CLANG_WARN_OBJC_IMPLICIT_RETAIN_SELF = YES;
				CLANG_WARN_OBJC_LITERAL_CONVERSION = YES;
				CLANG_WARN_OBJC_ROOT_CLASS = YES_ERROR;
				CLANG_WARN_QUOTED_INCLUDE_IN_FRAMEWORK_HEADER = YES;
				CLANG_WARN_RANGE_LOOP_ANALYSIS = YES;
				CLANG_WARN_STRICT_PROTOTYPES = YES;
				CLANG_WARN_SUSPICIOUS_MOVE = YES;
				CLANG_WARN_UNGUARDED_AVAILABILITY = YES_AGGRESSIVE;
				CLANG_WARN_UNREACHABLE_CODE = YES;
				CLANG_WARN__DUPLICATE_METHOD_MATCH = YES;
				COPY_PHASE_STRIP = NO;
				DEBUG_INFORMATION_FORMAT = dwarf;
				ENABLE_STRICT_OBJC_MSGSEND = YES;
				ENABLE_TESTABILITY = YES;
				GCC_C_LANGUAGE_STANDARD = gnu11;
				GCC_DYNAMIC_NO_PIC = NO;
				GCC_NO_COMMON_BLOCKS = YES;
				GCC_OPTIMIZATION_LEVEL = 0;
				GCC_PREPROCESSOR_DEFINITIONS = (
					"DEBUG=1",
					"$(inherited)",
				);
				GCC_WARN_64_TO_32_BIT_CONVERSION = YES;
				GCC_WARN_ABOUT_RETURN_TYPE = YES_ERROR;
				GCC_WARN_UNDECLARED_SELECTOR = YES;
				GCC_WARN_UNINITIALIZED_AUTOS = YES_AGGRESSIVE;
				GCC_WARN_UNUSED_FUNCTION = YES;
				GCC_WARN_UNUSED_VARIABLE = YES;
				IPHONEOS_DEPLOYMENT_TARGET = 15.0;
				MTL_ENABLE_DEBUG_INFO = INCLUDE_SOURCE;
				MTL_FAST_MATH = YES;
				ONLY_ACTIVE_ARCH = YES;
				SDKROOT = iphoneos;
				SWIFT_ACTIVE_COMPILATION_CONDITIONS = DEBUG;
				SWIFT_OPTIMIZATION_LEVEL = "-Onone";
			};
			name = Debug;
		};
		23E7863D2716AE54002972F7 /* Release */ = {
			isa = XCBuildConfiguration;
			buildSettings = {
				ALWAYS_SEARCH_USER_PATHS = NO;
				CLANG_ANALYZER_NONNULL = YES;
				CLANG_ANALYZER_NUMBER_OBJECT_CONVERSION = YES_AGGRESSIVE;
				CLANG_CXX_LANGUAGE_STANDARD = "gnu++17";
				CLANG_CXX_LIBRARY = "libc++";
				CLANG_ENABLE_MODULES = YES;
				CLANG_ENABLE_OBJC_ARC = YES;
				CLANG_ENABLE_OBJC_WEAK = YES;
				CLANG_WARN_BLOCK_CAPTURE_AUTORELEASING = YES;
				CLANG_WARN_BOOL_CONVERSION = YES;
				CLANG_WARN_COMMA = YES;
				CLANG_WARN_CONSTANT_CONVERSION = YES;
				CLANG_WARN_DEPRECATED_OBJC_IMPLEMENTATIONS = YES;
				CLANG_WARN_DIRECT_OBJC_ISA_USAGE = YES_ERROR;
				CLANG_WARN_DOCUMENTATION_COMMENTS = YES;
				CLANG_WARN_EMPTY_BODY = YES;
				CLANG_WARN_ENUM_CONVERSION = YES;
				CLANG_WARN_INFINITE_RECURSION = YES;
				CLANG_WARN_INT_CONVERSION = YES;
				CLANG_WARN_NON_LITERAL_NULL_CONVERSION = YES;
				CLANG_WARN_OBJC_IMPLICIT_RETAIN_SELF = YES;
				CLANG_WARN_OBJC_LITERAL_CONVERSION = YES;
				CLANG_WARN_OBJC_ROOT_CLASS = YES_ERROR;
				CLANG_WARN_QUOTED_INCLUDE_IN_FRAMEWORK_HEADER = YES;
				CLANG_WARN_RANGE_LOOP_ANALYSIS = YES;
				CLANG_WARN_STRICT_PROTOTYPES = YES;
				CLANG_WARN_SUSPICIOUS_MOVE = YES;
				CLANG_WARN_UNGUARDED_AVAILABILITY = YES_AGGRESSIVE;
				CLANG_WARN_UNREACHABLE_CODE = YES;
				CLANG_WARN__DUPLICATE_METHOD_MATCH = YES;
				COPY_PHASE_STRIP = NO;
				DEBUG_INFORMATION_FORMAT = "dwarf-with-dsym";
				ENABLE_NS_ASSERTIONS = NO;
				ENABLE_STRICT_OBJC_MSGSEND = YES;
				GCC_C_LANGUAGE_STANDARD = gnu11;
				GCC_NO_COMMON_BLOCKS = YES;
				GCC_WARN_64_TO_32_BIT_CONVERSION = YES;
				GCC_WARN_ABOUT_RETURN_TYPE = YES_ERROR;
				GCC_WARN_UNDECLARED_SELECTOR = YES;
				GCC_WARN_UNINITIALIZED_AUTOS = YES_AGGRESSIVE;
				GCC_WARN_UNUSED_FUNCTION = YES;
				GCC_WARN_UNUSED_VARIABLE = YES;
				IPHONEOS_DEPLOYMENT_TARGET = 15.0;
				MTL_ENABLE_DEBUG_INFO = NO;
				MTL_FAST_MATH = YES;
				SDKROOT = iphoneos;
				SWIFT_COMPILATION_MODE = wholemodule;
				SWIFT_OPTIMIZATION_LEVEL = "-O";
				VALIDATE_PRODUCT = YES;
			};
			name = Release;
		};
		23E7863F2716AE54002972F7 /* Debug */ = {
			isa = XCBuildConfiguration;
			buildSettings = {
				ASSETCATALOG_COMPILER_APPICON_NAME = AppIcon;
				ASSETCATALOG_COMPILER_GLOBAL_ACCENT_COLOR_NAME = AccentColor;
				CODE_SIGN_STYLE = Automatic;
				CURRENT_PROJECT_VERSION = 1;
				DEVELOPMENT_TEAM = S9J6B4A78J;
				GENERATE_INFOPLIST_FILE = YES;
				INFOPLIST_FILE = DependencyInversionDemo/Info.plist;
				INFOPLIST_KEY_UIApplicationSupportsIndirectInputEvents = YES;
				INFOPLIST_KEY_UILaunchStoryboardName = LaunchScreen;
				INFOPLIST_KEY_UISupportedInterfaceOrientations_iPad = "UIInterfaceOrientationPortrait UIInterfaceOrientationPortraitUpsideDown UIInterfaceOrientationLandscapeLeft UIInterfaceOrientationLandscapeRight";
				INFOPLIST_KEY_UISupportedInterfaceOrientations_iPhone = "UIInterfaceOrientationPortrait UIInterfaceOrientationLandscapeLeft UIInterfaceOrientationLandscapeRight";
				LD_RUNPATH_SEARCH_PATHS = (
					"$(inherited)",
					"@executable_path/Frameworks",
				);
				MARKETING_VERSION = 1.0;
				PRODUCT_BUNDLE_IDENTIFIER = com.windy.DependencyInversionDemo;
				PRODUCT_NAME = "$(TARGET_NAME)";
				SWIFT_EMIT_LOC_STRINGS = YES;
				SWIFT_VERSION = 5.0;
				TARGETED_DEVICE_FAMILY = "1,2";
			};
			name = Debug;
		};
		23E786402716AE54002972F7 /* Release */ = {
			isa = XCBuildConfiguration;
			buildSettings = {
				ASSETCATALOG_COMPILER_APPICON_NAME = AppIcon;
				ASSETCATALOG_COMPILER_GLOBAL_ACCENT_COLOR_NAME = AccentColor;
				CODE_SIGN_STYLE = Automatic;
				CURRENT_PROJECT_VERSION = 1;
				DEVELOPMENT_TEAM = S9J6B4A78J;
				GENERATE_INFOPLIST_FILE = YES;
				INFOPLIST_FILE = DependencyInversionDemo/Info.plist;
				INFOPLIST_KEY_UIApplicationSupportsIndirectInputEvents = YES;
				INFOPLIST_KEY_UILaunchStoryboardName = LaunchScreen;
				INFOPLIST_KEY_UISupportedInterfaceOrientations_iPad = "UIInterfaceOrientationPortrait UIInterfaceOrientationPortraitUpsideDown UIInterfaceOrientationLandscapeLeft UIInterfaceOrientationLandscapeRight";
				INFOPLIST_KEY_UISupportedInterfaceOrientations_iPhone = "UIInterfaceOrientationPortrait UIInterfaceOrientationLandscapeLeft UIInterfaceOrientationLandscapeRight";
				LD_RUNPATH_SEARCH_PATHS = (
					"$(inherited)",
					"@executable_path/Frameworks",
				);
				MARKETING_VERSION = 1.0;
				PRODUCT_BUNDLE_IDENTIFIER = com.windy.DependencyInversionDemo;
				PRODUCT_NAME = "$(TARGET_NAME)";
				SWIFT_EMIT_LOC_STRINGS = YES;
				SWIFT_VERSION = 5.0;
				TARGETED_DEVICE_FAMILY = "1,2";
			};
			name = Release;
		};
/* End XCBuildConfiguration section */

/* Begin XCConfigurationList section */
		23E786252716AE51002972F7 /* Build configuration list for PBXProject "DependencyInversionDemo" */ = {
			isa = XCConfigurationList;
			buildConfigurations = (
				23E7863C2716AE54002972F7 /* Debug */,
				23E7863D2716AE54002972F7 /* Release */,
			);
			defaultConfigurationIsVisible = 0;
			defaultConfigurationName = Release;
		};
		23E7863E2716AE54002972F7 /* Build configuration list for PBXNativeTarget "DependencyInversionDemo" */ = {
			isa = XCConfigurationList;
			buildConfigurations = (
				23E7863F2716AE54002972F7 /* Debug */,
				23E786402716AE54002972F7 /* Release */,
			);
			defaultConfigurationIsVisible = 0;
			defaultConfigurationName = Release;
		};
/* End XCConfigurationList section */
	};
	rootObject = 23E786222716AE51002972F7 /* Project object */;
}
